// !$*UTF8*$!
{
	archiveVersion = 1;
	classes = {
	};
	objectVersion = 46;
	objects = {

/* Begin PBXBuildFile section */
		543D90C61C9BF5A500288EDE /* AppDelegate.swift in Sources */ = {isa = PBXBuildFile; fileRef = 543D90C51C9BF5A500288EDE /* AppDelegate.swift */; };
		543D90CA1C9BF5A500288EDE /* Color.swift in Sources */ = {isa = PBXBuildFile; fileRef = 543D90C91C9BF5A500288EDE /* Color.swift */; };
		543D90CC1C9BF5A500288EDE /* EventSource.swift in Sources */ = {isa = PBXBuildFile; fileRef = 543D90CB1C9BF5A500288EDE /* EventSource.swift */; };
		543D90CE1C9BF5A500288EDE /* Foundation.swift in Sources */ = {isa = PBXBuildFile; fileRef = 543D90CD1C9BF5A500288EDE /* Foundation.swift */; };
		543D90D01C9BF5A500288EDE /* Math.swift in Sources */ = {isa = PBXBuildFile; fileRef = 543D90CF1C9BF5A500288EDE /* Math.swift */; };
		543D90D21C9BF5A500288EDE /* Path.swift in Sources */ = {isa = PBXBuildFile; fileRef = 543D90D11C9BF5A500288EDE /* Path.swift */; };
		543D90D41C9BF5A500288EDE /* Point.swift in Sources */ = {isa = PBXBuildFile; fileRef = 543D90D31C9BF5A500288EDE /* Point.swift */; };
		543D90D61C9BF5A500288EDE /* Rect.swift in Sources */ = {isa = PBXBuildFile; fileRef = 543D90D51C9BF5A500288EDE /* Rect.swift */; };
		543D90D81C9BF5A500288EDE /* Size.swift in Sources */ = {isa = PBXBuildFile; fileRef = 543D90D71C9BF5A500288EDE /* Size.swift */; };
		543D90DA1C9BF5A500288EDE /* Transform.swift in Sources */ = {isa = PBXBuildFile; fileRef = 543D90D91C9BF5A500288EDE /* Transform.swift */; };
		543D90DC1C9BF5A500288EDE /* Vector.swift in Sources */ = {isa = PBXBuildFile; fileRef = 543D90DB1C9BF5A500288EDE /* Vector.swift */; };
		543D90DF1C9BF5A500288EDE /* Animation.swift in Sources */ = {isa = PBXBuildFile; fileRef = 543D90DE1C9BF5A500288EDE /* Animation.swift */; };
		543D90E11C9BF5A500288EDE /* Arc.swift in Sources */ = {isa = PBXBuildFile; fileRef = 543D90E01C9BF5A500288EDE /* Arc.swift */; };
		543D90E31C9BF5A500288EDE /* AudioPlayer.swift in Sources */ = {isa = PBXBuildFile; fileRef = 543D90E21C9BF5A500288EDE /* AudioPlayer.swift */; };
		543D90E51C9BF5A500288EDE /* CanvasController.swift in Sources */ = {isa = PBXBuildFile; fileRef = 543D90E41C9BF5A500288EDE /* CanvasController.swift */; };
		543D90E71C9BF5A500288EDE /* Circle.swift in Sources */ = {isa = PBXBuildFile; fileRef = 543D90E61C9BF5A500288EDE /* Circle.swift */; };
		543D90E91C9BF5A500288EDE /* Curve.swift in Sources */ = {isa = PBXBuildFile; fileRef = 543D90E81C9BF5A500288EDE /* Curve.swift */; };
		543D90EB1C9BF5A500288EDE /* Ellipse.swift in Sources */ = {isa = PBXBuildFile; fileRef = 543D90EA1C9BF5A500288EDE /* Ellipse.swift */; };
		543D90ED1C9BF5A500288EDE /* Filter.swift in Sources */ = {isa = PBXBuildFile; fileRef = 543D90EC1C9BF5A500288EDE /* Filter.swift */; };
		543D90EF1C9BF5A500288EDE /* Font.swift in Sources */ = {isa = PBXBuildFile; fileRef = 543D90EE1C9BF5A500288EDE /* Font.swift */; };
		543D90F11C9BF5A500288EDE /* Generator.swift in Sources */ = {isa = PBXBuildFile; fileRef = 543D90F01C9BF5A500288EDE /* Generator.swift */; };
		543D90F31C9BF5A500288EDE /* Gradient.swift in Sources */ = {isa = PBXBuildFile; fileRef = 543D90F21C9BF5A500288EDE /* Gradient.swift */; };
		543D90F51C9BF5A500288EDE /* GradientLayer.swift in Sources */ = {isa = PBXBuildFile; fileRef = 543D90F41C9BF5A500288EDE /* GradientLayer.swift */; };
		543D90F71C9BF5A500288EDE /* Image.swift in Sources */ = {isa = PBXBuildFile; fileRef = 543D90F61C9BF5A500288EDE /* Image.swift */; };
		543D90F91C9BF5A500288EDE /* Image+Crop.swift in Sources */ = {isa = PBXBuildFile; fileRef = 543D90F81C9BF5A500288EDE /* Image+Crop.swift */; };
		543D90FB1C9BF5A500288EDE /* Image+Filter.swift in Sources */ = {isa = PBXBuildFile; fileRef = 543D90FA1C9BF5A500288EDE /* Image+Filter.swift */; };
		543D90FD1C9BF5A500288EDE /* Image+Generator.swift in Sources */ = {isa = PBXBuildFile; fileRef = 543D90FC1C9BF5A500288EDE /* Image+Generator.swift */; };
		543D90FF1C9BF5A500288EDE /* ImageLayer.swift in Sources */ = {isa = PBXBuildFile; fileRef = 543D90FE1C9BF5A500288EDE /* ImageLayer.swift */; };
		543D91011C9BF5A500288EDE /* Line.swift in Sources */ = {isa = PBXBuildFile; fileRef = 543D91001C9BF5A500288EDE /* Line.swift */; };
		543D91031C9BF5A500288EDE /* Layer.swift in Sources */ = {isa = PBXBuildFile; fileRef = 543D91021C9BF5A500288EDE /* Layer.swift */; };
		543D91051C9BF5A500288EDE /* Movie.swift in Sources */ = {isa = PBXBuildFile; fileRef = 543D91041C9BF5A500288EDE /* Movie.swift */; };
		543D91071C9BF5A500288EDE /* Pixel.swift in Sources */ = {isa = PBXBuildFile; fileRef = 543D91061C9BF5A500288EDE /* Pixel.swift */; };
		543D91091C9BF5A500288EDE /* PlayerLayer.swift in Sources */ = {isa = PBXBuildFile; fileRef = 543D91081C9BF5A500288EDE /* PlayerLayer.swift */; };
		543D910B1C9BF5A500288EDE /* Polygon.swift in Sources */ = {isa = PBXBuildFile; fileRef = 543D910A1C9BF5A500288EDE /* Polygon.swift */; };
		543D910D1C9BF5A500288EDE /* QuadCurve.swift in Sources */ = {isa = PBXBuildFile; fileRef = 543D910C1C9BF5A500288EDE /* QuadCurve.swift */; };
		543D910F1C9BF5A500288EDE /* Rectangle.swift in Sources */ = {isa = PBXBuildFile; fileRef = 543D910E1C9BF5A500288EDE /* Rectangle.swift */; };
		543D91111C9BF5A500288EDE /* RegularPolygon.swift in Sources */ = {isa = PBXBuildFile; fileRef = 543D91101C9BF5A500288EDE /* RegularPolygon.swift */; };
		543D91131C9BF5A500288EDE /* ScreenRecorder.swift in Sources */ = {isa = PBXBuildFile; fileRef = 543D91121C9BF5A500288EDE /* ScreenRecorder.swift */; };
		543D91151C9BF5A500288EDE /* Shape+Creation.swift in Sources */ = {isa = PBXBuildFile; fileRef = 543D91141C9BF5A500288EDE /* Shape+Creation.swift */; };
		543D91171C9BF5A500288EDE /* Shape.swift in Sources */ = {isa = PBXBuildFile; fileRef = 543D91161C9BF5A500288EDE /* Shape.swift */; };
		543D91191C9BF5A500288EDE /* ShapeLayer.swift in Sources */ = {isa = PBXBuildFile; fileRef = 543D91181C9BF5A500288EDE /* ShapeLayer.swift */; };
		543D911B1C9BF5A500288EDE /* StoredAnimation.swift in Sources */ = {isa = PBXBuildFile; fileRef = 543D911A1C9BF5A500288EDE /* StoredAnimation.swift */; };
		543D911D1C9BF5A500288EDE /* Star.swift in Sources */ = {isa = PBXBuildFile; fileRef = 543D911C1C9BF5A500288EDE /* Star.swift */; };
		543D911F1C9BF5A500288EDE /* TextShape.swift in Sources */ = {isa = PBXBuildFile; fileRef = 543D911E1C9BF5A500288EDE /* TextShape.swift */; };
		543D91211C9BF5A500288EDE /* Timer.swift in Sources */ = {isa = PBXBuildFile; fileRef = 543D91201C9BF5A500288EDE /* Timer.swift */; };
		543D91231C9BF5A500288EDE /* Triangle.swift in Sources */ = {isa = PBXBuildFile; fileRef = 543D91221C9BF5A500288EDE /* Triangle.swift */; };
		543D91251C9BF5A500288EDE /* UIImage+Color.swift in Sources */ = {isa = PBXBuildFile; fileRef = 543D91241C9BF5A500288EDE /* UIImage+Color.swift */; };
		543D91271C9BF5A500288EDE /* UIImage+AddRemove.swift in Sources */ = {isa = PBXBuildFile; fileRef = 543D91261C9BF5A500288EDE /* UIImage+AddRemove.swift */; };
		543D91291C9BF5A500288EDE /* View.swift in Sources */ = {isa = PBXBuildFile; fileRef = 543D91281C9BF5A500288EDE /* View.swift */; };
		543D912B1C9BF5A500288EDE /* View+Animation.swift in Sources */ = {isa = PBXBuildFile; fileRef = 543D912A1C9BF5A500288EDE /* View+Animation.swift */; };
		543D912D1C9BF5A500288EDE /* View+Border.swift in Sources */ = {isa = PBXBuildFile; fileRef = 543D912C1C9BF5A500288EDE /* View+Border.swift */; };
		543D912F1C9BF5A500288EDE /* View+KeyValues.swift in Sources */ = {isa = PBXBuildFile; fileRef = 543D912E1C9BF5A500288EDE /* View+KeyValues.swift */; };
		543D91311C9BF5A500288EDE /* View+Render.swift in Sources */ = {isa = PBXBuildFile; fileRef = 543D91301C9BF5A500288EDE /* View+Render.swift */; };
		543D91331C9BF5A500288EDE /* View+Shadow.swift in Sources */ = {isa = PBXBuildFile; fileRef = 543D91321C9BF5A500288EDE /* View+Shadow.swift */; };
		543D91351C9BF5A500288EDE /* ViewAnimation.swift in Sources */ = {isa = PBXBuildFile; fileRef = 543D91341C9BF5A500288EDE /* ViewAnimation.swift */; };
		543D91371C9BF5A500288EDE /* Wedge.swift in Sources */ = {isa = PBXBuildFile; fileRef = 543D91361C9BF5A500288EDE /* Wedge.swift */; };
		543D91391C9BF5A500288EDE /* UIGestureRecognizer+Closure.swift in Sources */ = {isa = PBXBuildFile; fileRef = 543D91381C9BF5A500288EDE /* UIGestureRecognizer+Closure.swift */; };
		543D913B1C9BF5A500288EDE /* UIViewController+C4View.swift in Sources */ = {isa = PBXBuildFile; fileRef = 543D913A1C9BF5A500288EDE /* UIViewController+C4View.swift */; };
		543D913D1C9BF5A500288EDE /* UIView+AddRemove.swift in Sources */ = {isa = PBXBuildFile; fileRef = 543D913C1C9BF5A500288EDE /* UIView+AddRemove.swift */; };
		543D91401C9BF5A500288EDE /* Loop.aif in Resources */ = {isa = PBXBuildFile; fileRef = 543D913F1C9BF5A500288EDE /* Loop.aif */; };
		543D91421C9BF5A500288EDE /* halo.mp4 in Resources */ = {isa = PBXBuildFile; fileRef = 543D91411C9BF5A500288EDE /* halo.mp4 */; };
		543D91441C9BF5A600288EDE /* haloGray.mp4 in Resources */ = {isa = PBXBuildFile; fileRef = 543D91431C9BF5A600288EDE /* haloGray.mp4 */; };
		543D91471C9BF5A600288EDE /* Bloom.swift in Sources */ = {isa = PBXBuildFile; fileRef = 543D91461C9BF5A600288EDE /* Bloom.swift */; };
		543D91491C9BF5A600288EDE /* Checkerboard.swift in Sources */ = {isa = PBXBuildFile; fileRef = 543D91481C9BF5A600288EDE /* Checkerboard.swift */; };
		543D914B1C9BF5A600288EDE /* ColorBurn.swift in Sources */ = {isa = PBXBuildFile; fileRef = 543D914A1C9BF5A600288EDE /* ColorBurn.swift */; };
		543D914D1C9BF5A600288EDE /* DotScreen.swift in Sources */ = {isa = PBXBuildFile; fileRef = 543D914C1C9BF5A600288EDE /* DotScreen.swift */; };
		543D914F1C9BF5A600288EDE /* GaussianBlur.swift in Sources */ = {isa = PBXBuildFile; fileRef = 543D914E1C9BF5A600288EDE /* GaussianBlur.swift */; };
		543D91511C9BF5A600288EDE /* HueAdjust.swift in Sources */ = {isa = PBXBuildFile; fileRef = 543D91501C9BF5A600288EDE /* HueAdjust.swift */; };
		543D91531C9BF5A600288EDE /* LinearGradient.swift in Sources */ = {isa = PBXBuildFile; fileRef = 543D91521C9BF5A600288EDE /* LinearGradient.swift */; };
		543D91551C9BF5A600288EDE /* Sepia.swift in Sources */ = {isa = PBXBuildFile; fileRef = 543D91541C9BF5A600288EDE /* Sepia.swift */; };
		543D91571C9BF5A600288EDE /* Sharpen.swift in Sources */ = {isa = PBXBuildFile; fileRef = 543D91561C9BF5A600288EDE /* Sharpen.swift */; };
		543D91591C9BF5A600288EDE /* Twirl.swift in Sources */ = {isa = PBXBuildFile; fileRef = 543D91581C9BF5A600288EDE /* Twirl.swift */; };
		543D915B1C9BF5A600288EDE /* WorkSpace.swift in Sources */ = {isa = PBXBuildFile; fileRef = 543D915A1C9BF5A600288EDE /* WorkSpace.swift */; };
		543D915E1C9BF5A600288EDE /* Main.storyboard in Resources */ = {isa = PBXBuildFile; fileRef = 543D915C1C9BF5A600288EDE /* Main.storyboard */; };
		543D91601C9BF5A600288EDE /* Images.xcassets in Resources */ = {isa = PBXBuildFile; fileRef = 543D915F1C9BF5A600288EDE /* Images.xcassets */; };
		543D91631C9BF5A600288EDE /* LaunchScreen.xib in Resources */ = {isa = PBXBuildFile; fileRef = 543D91611C9BF5A600288EDE /* LaunchScreen.xib */; };
		543D916E1C9BF5A600288EDE /* _5_C4Tests.swift in Sources */ = {isa = PBXBuildFile; fileRef = 543D916D1C9BF5A600288EDE /* _5_C4Tests.swift */; };
/* End PBXBuildFile section */

/* Begin PBXContainerItemProxy section */
		543D916A1C9BF5A600288EDE /* PBXContainerItemProxy */ = {
			isa = PBXContainerItemProxy;
			containerPortal = 543D90BA1C9BF5A500288EDE /* Project object */;
			proxyType = 1;
			remoteGlobalIDString = 543D90C11C9BF5A500288EDE;
			remoteInfo = 05_C4;
		};
/* End PBXContainerItemProxy section */

/* Begin PBXFileReference section */
		543D90C21C9BF5A500288EDE /* 05_C4.app */ = {isa = PBXFileReference; explicitFileType = wrapper.application; includeInIndex = 0; path = 05_C4.app; sourceTree = BUILT_PRODUCTS_DIR; };
		543D90C51C9BF5A500288EDE /* AppDelegate.swift */ = {isa = PBXFileReference; lastKnownFileType = sourcecode.swift; path = AppDelegate.swift; sourceTree = "<group>"; };
		543D90C91C9BF5A500288EDE /* Color.swift */ = {isa = PBXFileReference; lastKnownFileType = sourcecode.swift; path = Color.swift; sourceTree = "<group>"; };
		543D90CB1C9BF5A500288EDE /* EventSource.swift */ = {isa = PBXFileReference; lastKnownFileType = sourcecode.swift; path = EventSource.swift; sourceTree = "<group>"; };
		543D90CD1C9BF5A500288EDE /* Foundation.swift */ = {isa = PBXFileReference; lastKnownFileType = sourcecode.swift; path = Foundation.swift; sourceTree = "<group>"; };
		543D90CF1C9BF5A500288EDE /* Math.swift */ = {isa = PBXFileReference; lastKnownFileType = sourcecode.swift; path = Math.swift; sourceTree = "<group>"; };
		543D90D11C9BF5A500288EDE /* Path.swift */ = {isa = PBXFileReference; lastKnownFileType = sourcecode.swift; path = Path.swift; sourceTree = "<group>"; };
		543D90D31C9BF5A500288EDE /* Point.swift */ = {isa = PBXFileReference; lastKnownFileType = sourcecode.swift; path = Point.swift; sourceTree = "<group>"; };
		543D90D51C9BF5A500288EDE /* Rect.swift */ = {isa = PBXFileReference; lastKnownFileType = sourcecode.swift; path = Rect.swift; sourceTree = "<group>"; };
		543D90D71C9BF5A500288EDE /* Size.swift */ = {isa = PBXFileReference; lastKnownFileType = sourcecode.swift; path = Size.swift; sourceTree = "<group>"; };
		543D90D91C9BF5A500288EDE /* Transform.swift */ = {isa = PBXFileReference; lastKnownFileType = sourcecode.swift; path = Transform.swift; sourceTree = "<group>"; };
		543D90DB1C9BF5A500288EDE /* Vector.swift */ = {isa = PBXFileReference; lastKnownFileType = sourcecode.swift; path = Vector.swift; sourceTree = "<group>"; };
		543D90DE1C9BF5A500288EDE /* Animation.swift */ = {isa = PBXFileReference; lastKnownFileType = sourcecode.swift; path = Animation.swift; sourceTree = "<group>"; };
		543D90E01C9BF5A500288EDE /* Arc.swift */ = {isa = PBXFileReference; lastKnownFileType = sourcecode.swift; path = Arc.swift; sourceTree = "<group>"; };
		543D90E21C9BF5A500288EDE /* AudioPlayer.swift */ = {isa = PBXFileReference; lastKnownFileType = sourcecode.swift; path = AudioPlayer.swift; sourceTree = "<group>"; };
		543D90E41C9BF5A500288EDE /* CanvasController.swift */ = {isa = PBXFileReference; lastKnownFileType = sourcecode.swift; path = CanvasController.swift; sourceTree = "<group>"; };
		543D90E61C9BF5A500288EDE /* Circle.swift */ = {isa = PBXFileReference; lastKnownFileType = sourcecode.swift; path = Circle.swift; sourceTree = "<group>"; };
		543D90E81C9BF5A500288EDE /* Curve.swift */ = {isa = PBXFileReference; lastKnownFileType = sourcecode.swift; path = Curve.swift; sourceTree = "<group>"; };
		543D90EA1C9BF5A500288EDE /* Ellipse.swift */ = {isa = PBXFileReference; lastKnownFileType = sourcecode.swift; path = Ellipse.swift; sourceTree = "<group>"; };
		543D90EC1C9BF5A500288EDE /* Filter.swift */ = {isa = PBXFileReference; lastKnownFileType = sourcecode.swift; path = Filter.swift; sourceTree = "<group>"; };
		543D90EE1C9BF5A500288EDE /* Font.swift */ = {isa = PBXFileReference; lastKnownFileType = sourcecode.swift; path = Font.swift; sourceTree = "<group>"; };
		543D90F01C9BF5A500288EDE /* Generator.swift */ = {isa = PBXFileReference; lastKnownFileType = sourcecode.swift; path = Generator.swift; sourceTree = "<group>"; };
		543D90F21C9BF5A500288EDE /* Gradient.swift */ = {isa = PBXFileReference; lastKnownFileType = sourcecode.swift; path = Gradient.swift; sourceTree = "<group>"; };
		543D90F41C9BF5A500288EDE /* GradientLayer.swift */ = {isa = PBXFileReference; lastKnownFileType = sourcecode.swift; path = GradientLayer.swift; sourceTree = "<group>"; };
		543D90F61C9BF5A500288EDE /* Image.swift */ = {isa = PBXFileReference; lastKnownFileType = sourcecode.swift; path = Image.swift; sourceTree = "<group>"; };
		543D90F81C9BF5A500288EDE /* Image+Crop.swift */ = {isa = PBXFileReference; lastKnownFileType = sourcecode.swift; path = "Image+Crop.swift"; sourceTree = "<group>"; };
		543D90FA1C9BF5A500288EDE /* Image+Filter.swift */ = {isa = PBXFileReference; lastKnownFileType = sourcecode.swift; path = "Image+Filter.swift"; sourceTree = "<group>"; };
		543D90FC1C9BF5A500288EDE /* Image+Generator.swift */ = {isa = PBXFileReference; lastKnownFileType = sourcecode.swift; path = "Image+Generator.swift"; sourceTree = "<group>"; };
		543D90FE1C9BF5A500288EDE /* ImageLayer.swift */ = {isa = PBXFileReference; lastKnownFileType = sourcecode.swift; path = ImageLayer.swift; sourceTree = "<group>"; };
		543D91001C9BF5A500288EDE /* Line.swift */ = {isa = PBXFileReference; lastKnownFileType = sourcecode.swift; path = Line.swift; sourceTree = "<group>"; };
		543D91021C9BF5A500288EDE /* Layer.swift */ = {isa = PBXFileReference; lastKnownFileType = sourcecode.swift; path = Layer.swift; sourceTree = "<group>"; };
		543D91041C9BF5A500288EDE /* Movie.swift */ = {isa = PBXFileReference; lastKnownFileType = sourcecode.swift; path = Movie.swift; sourceTree = "<group>"; };
		543D91061C9BF5A500288EDE /* Pixel.swift */ = {isa = PBXFileReference; lastKnownFileType = sourcecode.swift; path = Pixel.swift; sourceTree = "<group>"; };
		543D91081C9BF5A500288EDE /* PlayerLayer.swift */ = {isa = PBXFileReference; lastKnownFileType = sourcecode.swift; path = PlayerLayer.swift; sourceTree = "<group>"; };
		543D910A1C9BF5A500288EDE /* Polygon.swift */ = {isa = PBXFileReference; lastKnownFileType = sourcecode.swift; path = Polygon.swift; sourceTree = "<group>"; };
		543D910C1C9BF5A500288EDE /* QuadCurve.swift */ = {isa = PBXFileReference; lastKnownFileType = sourcecode.swift; path = QuadCurve.swift; sourceTree = "<group>"; };
		543D910E1C9BF5A500288EDE /* Rectangle.swift */ = {isa = PBXFileReference; lastKnownFileType = sourcecode.swift; path = Rectangle.swift; sourceTree = "<group>"; };
		543D91101C9BF5A500288EDE /* RegularPolygon.swift */ = {isa = PBXFileReference; lastKnownFileType = sourcecode.swift; path = RegularPolygon.swift; sourceTree = "<group>"; };
		543D91121C9BF5A500288EDE /* ScreenRecorder.swift */ = {isa = PBXFileReference; lastKnownFileType = sourcecode.swift; path = ScreenRecorder.swift; sourceTree = "<group>"; };
		543D91141C9BF5A500288EDE /* Shape+Creation.swift */ = {isa = PBXFileReference; lastKnownFileType = sourcecode.swift; path = "Shape+Creation.swift"; sourceTree = "<group>"; };
		543D91161C9BF5A500288EDE /* Shape.swift */ = {isa = PBXFileReference; lastKnownFileType = sourcecode.swift; path = Shape.swift; sourceTree = "<group>"; };
		543D91181C9BF5A500288EDE /* ShapeLayer.swift */ = {isa = PBXFileReference; lastKnownFileType = sourcecode.swift; path = ShapeLayer.swift; sourceTree = "<group>"; };
		543D911A1C9BF5A500288EDE /* StoredAnimation.swift */ = {isa = PBXFileReference; lastKnownFileType = sourcecode.swift; path = StoredAnimation.swift; sourceTree = "<group>"; };
		543D911C1C9BF5A500288EDE /* Star.swift */ = {isa = PBXFileReference; lastKnownFileType = sourcecode.swift; path = Star.swift; sourceTree = "<group>"; };
		543D911E1C9BF5A500288EDE /* TextShape.swift */ = {isa = PBXFileReference; lastKnownFileType = sourcecode.swift; path = TextShape.swift; sourceTree = "<group>"; };
		543D91201C9BF5A500288EDE /* Timer.swift */ = {isa = PBXFileReference; lastKnownFileType = sourcecode.swift; path = Timer.swift; sourceTree = "<group>"; };
		543D91221C9BF5A500288EDE /* Triangle.swift */ = {isa = PBXFileReference; lastKnownFileType = sourcecode.swift; path = Triangle.swift; sourceTree = "<group>"; };
		543D91241C9BF5A500288EDE /* UIImage+Color.swift */ = {isa = PBXFileReference; lastKnownFileType = sourcecode.swift; path = "UIImage+Color.swift"; sourceTree = "<group>"; };
		543D91261C9BF5A500288EDE /* UIImage+AddRemove.swift */ = {isa = PBXFileReference; lastKnownFileType = sourcecode.swift; path = "UIImage+AddRemove.swift"; sourceTree = "<group>"; };
		543D91281C9BF5A500288EDE /* View.swift */ = {isa = PBXFileReference; lastKnownFileType = sourcecode.swift; path = View.swift; sourceTree = "<group>"; };
		543D912A1C9BF5A500288EDE /* View+Animation.swift */ = {isa = PBXFileReference; lastKnownFileType = sourcecode.swift; path = "View+Animation.swift"; sourceTree = "<group>"; };
		543D912C1C9BF5A500288EDE /* View+Border.swift */ = {isa = PBXFileReference; lastKnownFileType = sourcecode.swift; path = "View+Border.swift"; sourceTree = "<group>"; };
		543D912E1C9BF5A500288EDE /* View+KeyValues.swift */ = {isa = PBXFileReference; lastKnownFileType = sourcecode.swift; path = "View+KeyValues.swift"; sourceTree = "<group>"; };
		543D91301C9BF5A500288EDE /* View+Render.swift */ = {isa = PBXFileReference; lastKnownFileType = sourcecode.swift; path = "View+Render.swift"; sourceTree = "<group>"; };
		543D91321C9BF5A500288EDE /* View+Shadow.swift */ = {isa = PBXFileReference; lastKnownFileType = sourcecode.swift; path = "View+Shadow.swift"; sourceTree = "<group>"; };
		543D91341C9BF5A500288EDE /* ViewAnimation.swift */ = {isa = PBXFileReference; lastKnownFileType = sourcecode.swift; path = ViewAnimation.swift; sourceTree = "<group>"; };
		543D91361C9BF5A500288EDE /* Wedge.swift */ = {isa = PBXFileReference; lastKnownFileType = sourcecode.swift; path = Wedge.swift; sourceTree = "<group>"; };
		543D91381C9BF5A500288EDE /* UIGestureRecognizer+Closure.swift */ = {isa = PBXFileReference; lastKnownFileType = sourcecode.swift; path = "UIGestureRecognizer+Closure.swift"; sourceTree = "<group>"; };
		543D913A1C9BF5A500288EDE /* UIViewController+C4View.swift */ = {isa = PBXFileReference; lastKnownFileType = sourcecode.swift; path = "UIViewController+C4View.swift"; sourceTree = "<group>"; };
		543D913C1C9BF5A500288EDE /* UIView+AddRemove.swift */ = {isa = PBXFileReference; lastKnownFileType = sourcecode.swift; path = "UIView+AddRemove.swift"; sourceTree = "<group>"; };
		543D913F1C9BF5A500288EDE /* Loop.aif */ = {isa = PBXFileReference; lastKnownFileType = file; path = Loop.aif; sourceTree = "<group>"; };
		543D91411C9BF5A500288EDE /* halo.mp4 */ = {isa = PBXFileReference; lastKnownFileType = file; path = halo.mp4; sourceTree = "<group>"; };
		543D91431C9BF5A600288EDE /* haloGray.mp4 */ = {isa = PBXFileReference; lastKnownFileType = file; path = haloGray.mp4; sourceTree = "<group>"; };
		543D91461C9BF5A600288EDE /* Bloom.swift */ = {isa = PBXFileReference; lastKnownFileType = sourcecode.swift; path = Bloom.swift; sourceTree = "<group>"; };
		543D91481C9BF5A600288EDE /* Checkerboard.swift */ = {isa = PBXFileReference; lastKnownFileType = sourcecode.swift; path = Checkerboard.swift; sourceTree = "<group>"; };
		543D914A1C9BF5A600288EDE /* ColorBurn.swift */ = {isa = PBXFileReference; lastKnownFileType = sourcecode.swift; path = ColorBurn.swift; sourceTree = "<group>"; };
		543D914C1C9BF5A600288EDE /* DotScreen.swift */ = {isa = PBXFileReference; lastKnownFileType = sourcecode.swift; path = DotScreen.swift; sourceTree = "<group>"; };
		543D914E1C9BF5A600288EDE /* GaussianBlur.swift */ = {isa = PBXFileReference; lastKnownFileType = sourcecode.swift; path = GaussianBlur.swift; sourceTree = "<group>"; };
		543D91501C9BF5A600288EDE /* HueAdjust.swift */ = {isa = PBXFileReference; lastKnownFileType = sourcecode.swift; path = HueAdjust.swift; sourceTree = "<group>"; };
		543D91521C9BF5A600288EDE /* LinearGradient.swift */ = {isa = PBXFileReference; lastKnownFileType = sourcecode.swift; path = LinearGradient.swift; sourceTree = "<group>"; };
		543D91541C9BF5A600288EDE /* Sepia.swift */ = {isa = PBXFileReference; lastKnownFileType = sourcecode.swift; path = Sepia.swift; sourceTree = "<group>"; };
		543D91561C9BF5A600288EDE /* Sharpen.swift */ = {isa = PBXFileReference; lastKnownFileType = sourcecode.swift; path = Sharpen.swift; sourceTree = "<group>"; };
		543D91581C9BF5A600288EDE /* Twirl.swift */ = {isa = PBXFileReference; lastKnownFileType = sourcecode.swift; path = Twirl.swift; sourceTree = "<group>"; };
		543D915A1C9BF5A600288EDE /* WorkSpace.swift */ = {isa = PBXFileReference; lastKnownFileType = sourcecode.swift; path = WorkSpace.swift; sourceTree = "<group>"; };
		543D915D1C9BF5A600288EDE /* Base */ = {isa = PBXFileReference; lastKnownFileType = file.storyboard; name = Base; path = Base.lproj/Main.storyboard; sourceTree = "<group>"; };
		543D915F1C9BF5A600288EDE /* Images.xcassets */ = {isa = PBXFileReference; lastKnownFileType = folder.assetcatalog; path = Images.xcassets; sourceTree = "<group>"; };
		543D91621C9BF5A600288EDE /* Base */ = {isa = PBXFileReference; lastKnownFileType = file.xib; name = Base; path = Base.lproj/LaunchScreen.xib; sourceTree = "<group>"; };
		543D91641C9BF5A600288EDE /* Info.plist */ = {isa = PBXFileReference; lastKnownFileType = text.plist.xml; path = Info.plist; sourceTree = "<group>"; };
		543D91691C9BF5A600288EDE /* 05_C4Tests.xctest */ = {isa = PBXFileReference; explicitFileType = wrapper.cfbundle; includeInIndex = 0; path = 05_C4Tests.xctest; sourceTree = BUILT_PRODUCTS_DIR; };
		543D916D1C9BF5A600288EDE /* _5_C4Tests.swift */ = {isa = PBXFileReference; lastKnownFileType = sourcecode.swift; path = _5_C4Tests.swift; sourceTree = "<group>"; };
		543D916F1C9BF5A600288EDE /* Info.plist */ = {isa = PBXFileReference; lastKnownFileType = text.plist.xml; path = Info.plist; sourceTree = "<group>"; };
/* End PBXFileReference section */

/* Begin PBXFrameworksBuildPhase section */
		543D90BF1C9BF5A500288EDE /* Frameworks */ = {
			isa = PBXFrameworksBuildPhase;
			buildActionMask = 2147483647;
			files = (
			);
			runOnlyForDeploymentPostprocessing = 0;
		};
		543D91661C9BF5A600288EDE /* Frameworks */ = {
			isa = PBXFrameworksBuildPhase;
			buildActionMask = 2147483647;
			files = (
			);
			runOnlyForDeploymentPostprocessing = 0;
		};
/* End PBXFrameworksBuildPhase section */

/* Begin PBXGroup section */
		543D90B91C9BF5A500288EDE = {
			isa = PBXGroup;
			children = (
				543D90C41C9BF5A500288EDE /* 05_C4 */,
				543D916C1C9BF5A600288EDE /* 05_C4Tests */,
				543D90C31C9BF5A500288EDE /* Products */,
			);
			sourceTree = "<group>";
		};
		543D90C31C9BF5A500288EDE /* Products */ = {
			isa = PBXGroup;
			children = (
				543D90C21C9BF5A500288EDE /* 05_C4.app */,
				543D91691C9BF5A600288EDE /* 05_C4Tests.xctest */,
			);
			name = Products;
			sourceTree = "<group>";
		};
		543D90C41C9BF5A500288EDE /* 05_C4 */ = {
			isa = PBXGroup;
			children = (
				543D90C51C9BF5A500288EDE /* AppDelegate.swift */,
				543D915A1C9BF5A600288EDE /* WorkSpace.swift */,
				543D915C1C9BF5A600288EDE /* Main.storyboard */,
				543D915F1C9BF5A600288EDE /* Images.xcassets */,
				543D91611C9BF5A600288EDE /* LaunchScreen.xib */,
				543D91641C9BF5A600288EDE /* Info.plist */,
				543D90C71C9BF5A500288EDE /* C4 */,
				543D913E1C9BF5A500288EDE /* Media */,
			);
			path = 05_C4;
			sourceTree = "<group>";
		};
		543D90C71C9BF5A500288EDE /* C4 */ = {
			isa = PBXGroup;
			children = (
				543D90C81C9BF5A500288EDE /* Core */,
				543D90DD1C9BF5A500288EDE /* UI */,
			);
			name = C4;
			sourceTree = "<group>";
		};
		543D90C81C9BF5A500288EDE /* Core */ = {
			isa = PBXGroup;
			children = (
				543D90C91C9BF5A500288EDE /* Color.swift */,
				543D90CB1C9BF5A500288EDE /* EventSource.swift */,
				543D90CD1C9BF5A500288EDE /* Foundation.swift */,
				543D90CF1C9BF5A500288EDE /* Math.swift */,
				543D90D11C9BF5A500288EDE /* Path.swift */,
				543D90D31C9BF5A500288EDE /* Point.swift */,
				543D90D51C9BF5A500288EDE /* Rect.swift */,
				543D90D71C9BF5A500288EDE /* Size.swift */,
				543D90D91C9BF5A500288EDE /* Transform.swift */,
				543D90DB1C9BF5A500288EDE /* Vector.swift */,
			);
			name = Core;
			sourceTree = "<group>";
		};
		543D90DD1C9BF5A500288EDE /* UI */ = {
			isa = PBXGroup;
			children = (
				543D90DE1C9BF5A500288EDE /* Animation.swift */,
				543D90E01C9BF5A500288EDE /* Arc.swift */,
				543D90E21C9BF5A500288EDE /* AudioPlayer.swift */,
				543D90E41C9BF5A500288EDE /* CanvasController.swift */,
				543D90E61C9BF5A500288EDE /* Circle.swift */,
				543D90E81C9BF5A500288EDE /* Curve.swift */,
				543D90EA1C9BF5A500288EDE /* Ellipse.swift */,
				543D90EC1C9BF5A500288EDE /* Filter.swift */,
				543D90EE1C9BF5A500288EDE /* Font.swift */,
				543D90F01C9BF5A500288EDE /* Generator.swift */,
				543D90F21C9BF5A500288EDE /* Gradient.swift */,
				543D90F41C9BF5A500288EDE /* GradientLayer.swift */,
				543D90F61C9BF5A500288EDE /* Image.swift */,
				543D90F81C9BF5A500288EDE /* Image+Crop.swift */,
				543D90FA1C9BF5A500288EDE /* Image+Filter.swift */,
				543D90FC1C9BF5A500288EDE /* Image+Generator.swift */,
				543D90FE1C9BF5A500288EDE /* ImageLayer.swift */,
				543D91001C9BF5A500288EDE /* Line.swift */,
				543D91021C9BF5A500288EDE /* Layer.swift */,
				543D91041C9BF5A500288EDE /* Movie.swift */,
				543D91061C9BF5A500288EDE /* Pixel.swift */,
				543D91081C9BF5A500288EDE /* PlayerLayer.swift */,
				543D910A1C9BF5A500288EDE /* Polygon.swift */,
				543D910C1C9BF5A500288EDE /* QuadCurve.swift */,
				543D910E1C9BF5A500288EDE /* Rectangle.swift */,
				543D91101C9BF5A500288EDE /* RegularPolygon.swift */,
				543D91121C9BF5A500288EDE /* ScreenRecorder.swift */,
				543D91141C9BF5A500288EDE /* Shape+Creation.swift */,
				543D91161C9BF5A500288EDE /* Shape.swift */,
				543D91181C9BF5A500288EDE /* ShapeLayer.swift */,
				543D911A1C9BF5A500288EDE /* StoredAnimation.swift */,
				543D911C1C9BF5A500288EDE /* Star.swift */,
				543D911E1C9BF5A500288EDE /* TextShape.swift */,
				543D91201C9BF5A500288EDE /* Timer.swift */,
				543D91221C9BF5A500288EDE /* Triangle.swift */,
				543D91241C9BF5A500288EDE /* UIImage+Color.swift */,
				543D91261C9BF5A500288EDE /* UIImage+AddRemove.swift */,
				543D91281C9BF5A500288EDE /* View.swift */,
				543D912A1C9BF5A500288EDE /* View+Animation.swift */,
				543D912C1C9BF5A500288EDE /* View+Border.swift */,
				543D912E1C9BF5A500288EDE /* View+KeyValues.swift */,
				543D91301C9BF5A500288EDE /* View+Render.swift */,
				543D91321C9BF5A500288EDE /* View+Shadow.swift */,
				543D91341C9BF5A500288EDE /* ViewAnimation.swift */,
				543D91361C9BF5A500288EDE /* Wedge.swift */,
				543D91381C9BF5A500288EDE /* UIGestureRecognizer+Closure.swift */,
				543D913A1C9BF5A500288EDE /* UIViewController+C4View.swift */,
				543D913C1C9BF5A500288EDE /* UIView+AddRemove.swift */,
				543D91451C9BF5A600288EDE /* Filters */,
			);
			name = UI;
			sourceTree = "<group>";
		};
		543D913E1C9BF5A500288EDE /* Media */ = {
			isa = PBXGroup;
			children = (
				543D913F1C9BF5A500288EDE /* Loop.aif */,
				543D91411C9BF5A500288EDE /* halo.mp4 */,
				543D91431C9BF5A600288EDE /* haloGray.mp4 */,
			);
			name = Media;
			sourceTree = "<group>";
		};
		543D91451C9BF5A600288EDE /* Filters */ = {
			isa = PBXGroup;
			children = (
				543D91461C9BF5A600288EDE /* Bloom.swift */,
				543D91481C9BF5A600288EDE /* Checkerboard.swift */,
				543D914A1C9BF5A600288EDE /* ColorBurn.swift */,
				543D914C1C9BF5A600288EDE /* DotScreen.swift */,
				543D914E1C9BF5A600288EDE /* GaussianBlur.swift */,
				543D91501C9BF5A600288EDE /* HueAdjust.swift */,
				543D91521C9BF5A600288EDE /* LinearGradient.swift */,
				543D91541C9BF5A600288EDE /* Sepia.swift */,
				543D91561C9BF5A600288EDE /* Sharpen.swift */,
				543D91581C9BF5A600288EDE /* Twirl.swift */,
			);
			name = Filters;
			sourceTree = "<group>";
		};
		543D916C1C9BF5A600288EDE /* 05_C4Tests */ = {
			isa = PBXGroup;
			children = (
				543D916D1C9BF5A600288EDE /* _5_C4Tests.swift */,
				543D916F1C9BF5A600288EDE /* Info.plist */,
			);
			path = 05_C4Tests;
			sourceTree = "<group>";
		};
/* End PBXGroup section */

/* Begin PBXNativeTarget section */
		543D90C11C9BF5A500288EDE /* 05_C4 */ = {
			isa = PBXNativeTarget;
			buildConfigurationList = 543D91721C9BF5A600288EDE /* Build configuration list for PBXNativeTarget "05_C4" */;
			buildPhases = (
				543D90BE1C9BF5A500288EDE /* Sources */,
				543D90BF1C9BF5A500288EDE /* Frameworks */,
				543D90C01C9BF5A500288EDE /* Resources */,
			);
			buildRules = (
			);
			dependencies = (
			);
			name = 05_C4;
			productName = 05_C4;
			productReference = 543D90C21C9BF5A500288EDE /* 05_C4.app */;
			productType = "com.apple.product-type.application";
		};
		543D91681C9BF5A600288EDE /* 05_C4Tests */ = {
			isa = PBXNativeTarget;
			buildConfigurationList = 543D91751C9BF5A600288EDE /* Build configuration list for PBXNativeTarget "05_C4Tests" */;
			buildPhases = (
				543D91651C9BF5A600288EDE /* Sources */,
				543D91661C9BF5A600288EDE /* Frameworks */,
				543D91671C9BF5A600288EDE /* Resources */,
			);
			buildRules = (
			);
			dependencies = (
				543D916B1C9BF5A600288EDE /* PBXTargetDependency */,
			);
			name = 05_C4Tests;
			productName = 05_C4Tests;
			productReference = 543D91691C9BF5A600288EDE /* 05_C4Tests.xctest */;
			productType = "com.apple.product-type.bundle.unit-test";
		};
/* End PBXNativeTarget section */

/* Begin PBXProject section */
		543D90BA1C9BF5A500288EDE /* Project object */ = {
			isa = PBXProject;
			attributes = {
				LastSwiftUpdateCheck = 0720;
				LastUpgradeCheck = 0720;
				ORGANIZATIONNAME = Shin;
				TargetAttributes = {
					543D90C11C9BF5A500288EDE = {
						CreatedOnToolsVersion = 7.2.1;
					};
					543D91681C9BF5A600288EDE = {
						CreatedOnToolsVersion = 7.2.1;
						TestTargetID = 543D90C11C9BF5A500288EDE;
					};
				};
			};
			buildConfigurationList = 543D90BD1C9BF5A500288EDE /* Build configuration list for PBXProject "05_C4" */;
			compatibilityVersion = "Xcode 3.2";
			developmentRegion = English;
			hasScannedForEncodings = 0;
			knownRegions = (
				en,
				Base,
			);
			mainGroup = 543D90B91C9BF5A500288EDE;
			productRefGroup = 543D90C31C9BF5A500288EDE /* Products */;
			projectDirPath = "";
			projectRoot = "";
			targets = (
				543D90C11C9BF5A500288EDE /* 05_C4 */,
				543D91681C9BF5A600288EDE /* 05_C4Tests */,
			);
		};
/* End PBXProject section */

/* Begin PBXResourcesBuildPhase section */
		543D90C01C9BF5A500288EDE /* Resources */ = {
			isa = PBXResourcesBuildPhase;
			buildActionMask = 2147483647;
			files = (
				543D91401C9BF5A500288EDE /* Loop.aif in Resources */,
				543D91601C9BF5A600288EDE /* Images.xcassets in Resources */,
				543D91421C9BF5A500288EDE /* halo.mp4 in Resources */,
				543D91441C9BF5A600288EDE /* haloGray.mp4 in Resources */,
				543D91631C9BF5A600288EDE /* LaunchScreen.xib in Resources */,
				543D915E1C9BF5A600288EDE /* Main.storyboard in Resources */,
			);
			runOnlyForDeploymentPostprocessing = 0;
		};
		543D91671C9BF5A600288EDE /* Resources */ = {
			isa = PBXResourcesBuildPhase;
			buildActionMask = 2147483647;
			files = (
			);
			runOnlyForDeploymentPostprocessing = 0;
		};
/* End PBXResourcesBuildPhase section */

/* Begin PBXSourcesBuildPhase section */
		543D90BE1C9BF5A500288EDE /* Sources */ = {
			isa = PBXSourcesBuildPhase;
			buildActionMask = 2147483647;
			files = (
				543D90E91C9BF5A500288EDE /* Curve.swift in Sources */,
				543D91151C9BF5A500288EDE /* Shape+Creation.swift in Sources */,
				543D91371C9BF5A500288EDE /* Wedge.swift in Sources */,
				543D90F71C9BF5A500288EDE /* Image.swift in Sources */,
				543D91491C9BF5A600288EDE /* Checkerboard.swift in Sources */,
				543D91111C9BF5A500288EDE /* RegularPolygon.swift in Sources */,
				543D90CC1C9BF5A500288EDE /* EventSource.swift in Sources */,
				543D91271C9BF5A500288EDE /* UIImage+AddRemove.swift in Sources */,
				543D91471C9BF5A600288EDE /* Bloom.swift in Sources */,
				543D910F1C9BF5A500288EDE /* Rectangle.swift in Sources */,
				543D91131C9BF5A500288EDE /* ScreenRecorder.swift in Sources */,
				543D90FF1C9BF5A500288EDE /* ImageLayer.swift in Sources */,
				543D91511C9BF5A600288EDE /* HueAdjust.swift in Sources */,
				543D910D1C9BF5A500288EDE /* QuadCurve.swift in Sources */,
				543D90DC1C9BF5A500288EDE /* Vector.swift in Sources */,
				543D90C61C9BF5A500288EDE /* AppDelegate.swift in Sources */,
				543D91291C9BF5A500288EDE /* View.swift in Sources */,
				543D90FB1C9BF5A500288EDE /* Image+Filter.swift in Sources */,
				543D91331C9BF5A500288EDE /* View+Shadow.swift in Sources */,
				543D91091C9BF5A500288EDE /* PlayerLayer.swift in Sources */,
				543D91551C9BF5A600288EDE /* Sepia.swift in Sources */,
				543D90DA1C9BF5A500288EDE /* Transform.swift in Sources */,
				543D91071C9BF5A500288EDE /* Pixel.swift in Sources */,
				543D91171C9BF5A500288EDE /* Shape.swift in Sources */,
				543D91011C9BF5A500288EDE /* Line.swift in Sources */,
				543D912B1C9BF5A500288EDE /* View+Animation.swift in Sources */,
				543D90E11C9BF5A500288EDE /* Arc.swift in Sources */,
				543D91391C9BF5A500288EDE /* UIGestureRecognizer+Closure.swift in Sources */,
				543D90F51C9BF5A500288EDE /* GradientLayer.swift in Sources */,
				543D911B1C9BF5A500288EDE /* StoredAnimation.swift in Sources */,
				543D90EB1C9BF5A500288EDE /* Ellipse.swift in Sources */,
				543D90CE1C9BF5A500288EDE /* Foundation.swift in Sources */,
				543D912D1C9BF5A500288EDE /* View+Border.swift in Sources */,
				543D90D61C9BF5A500288EDE /* Rect.swift in Sources */,
				543D913B1C9BF5A500288EDE /* UIViewController+C4View.swift in Sources */,
				543D90D81C9BF5A500288EDE /* Size.swift in Sources */,
				543D911F1C9BF5A500288EDE /* TextShape.swift in Sources */,
				543D90F91C9BF5A500288EDE /* Image+Crop.swift in Sources */,
				543D90CA1C9BF5A500288EDE /* Color.swift in Sources */,
				543D911D1C9BF5A500288EDE /* Star.swift in Sources */,
				543D90E71C9BF5A500288EDE /* Circle.swift in Sources */,
				543D91531C9BF5A600288EDE /* LinearGradient.swift in Sources */,
				543D90EF1C9BF5A500288EDE /* Font.swift in Sources */,
				543D91051C9BF5A500288EDE /* Movie.swift in Sources */,
				543D90D41C9BF5A500288EDE /* Point.swift in Sources */,
				543D91571C9BF5A600288EDE /* Sharpen.swift in Sources */,
				543D914D1C9BF5A600288EDE /* DotScreen.swift in Sources */,
				543D90ED1C9BF5A500288EDE /* Filter.swift in Sources */,
				543D91211C9BF5A500288EDE /* Timer.swift in Sources */,
				543D90D21C9BF5A500288EDE /* Path.swift in Sources */,
				543D913D1C9BF5A500288EDE /* UIView+AddRemove.swift in Sources */,
				543D91351C9BF5A500288EDE /* ViewAnimation.swift in Sources */,
				543D90E51C9BF5A500288EDE /* CanvasController.swift in Sources */,
				543D90DF1C9BF5A500288EDE /* Animation.swift in Sources */,
				543D90F11C9BF5A500288EDE /* Generator.swift in Sources */,
				543D912F1C9BF5A500288EDE /* View+KeyValues.swift in Sources */,
				543D91311C9BF5A500288EDE /* View+Render.swift in Sources */,
				543D914B1C9BF5A600288EDE /* ColorBurn.swift in Sources */,
				543D90F31C9BF5A500288EDE /* Gradient.swift in Sources */,
				543D91231C9BF5A500288EDE /* Triangle.swift in Sources */,
				543D91591C9BF5A600288EDE /* Twirl.swift in Sources */,
				543D90D01C9BF5A500288EDE /* Math.swift in Sources */,
				543D910B1C9BF5A500288EDE /* Polygon.swift in Sources */,
				543D91031C9BF5A500288EDE /* Layer.swift in Sources */,
				543D91191C9BF5A500288EDE /* ShapeLayer.swift in Sources */,
				543D90FD1C9BF5A500288EDE /* Image+Generator.swift in Sources */,
				543D914F1C9BF5A600288EDE /* GaussianBlur.swift in Sources */,
				543D915B1C9BF5A600288EDE /* WorkSpace.swift in Sources */,
				543D91251C9BF5A500288EDE /* UIImage+Color.swift in Sources */,
				543D90E31C9BF5A500288EDE /* AudioPlayer.swift in Sources */,
			);
			runOnlyForDeploymentPostprocessing = 0;
		};
		543D91651C9BF5A600288EDE /* Sources */ = {
			isa = PBXSourcesBuildPhase;
			buildActionMask = 2147483647;
			files = (
				543D916E1C9BF5A600288EDE /* _5_C4Tests.swift in Sources */,
			);
			runOnlyForDeploymentPostprocessing = 0;
		};
/* End PBXSourcesBuildPhase section */

/* Begin PBXTargetDependency section */
		543D916B1C9BF5A600288EDE /* PBXTargetDependency */ = {
			isa = PBXTargetDependency;
			target = 543D90C11C9BF5A500288EDE /* 05_C4 */;
			targetProxy = 543D916A1C9BF5A600288EDE /* PBXContainerItemProxy */;
		};
/* End PBXTargetDependency section */

/* Begin PBXVariantGroup section */
		543D915C1C9BF5A600288EDE /* Main.storyboard */ = {
			isa = PBXVariantGroup;
			children = (
				543D915D1C9BF5A600288EDE /* Base */,
			);
			name = Main.storyboard;
			sourceTree = "<group>";
		};
		543D91611C9BF5A600288EDE /* LaunchScreen.xib */ = {
			isa = PBXVariantGroup;
			children = (
				543D91621C9BF5A600288EDE /* Base */,
			);
			name = LaunchScreen.xib;
			sourceTree = "<group>";
		};
/* End PBXVariantGroup section */

/* Begin XCBuildConfiguration section */
		543D91701C9BF5A600288EDE /* Debug */ = {
			isa = XCBuildConfiguration;
			buildSettings = {
				ALWAYS_SEARCH_USER_PATHS = NO;
				CLANG_CXX_LANGUAGE_STANDARD = "gnu++0x";
				CLANG_CXX_LIBRARY = "libc++";
				CLANG_ENABLE_MODULES = YES;
				CLANG_ENABLE_OBJC_ARC = YES;
				CLANG_WARN_BOOL_CONVERSION = YES;
				CLANG_WARN_CONSTANT_CONVERSION = YES;
				CLANG_WARN_DIRECT_OBJC_ISA_USAGE = YES_ERROR;
				CLANG_WARN_EMPTY_BODY = YES;
				CLANG_WARN_ENUM_CONVERSION = YES;
				CLANG_WARN_INT_CONVERSION = YES;
				CLANG_WARN_OBJC_ROOT_CLASS = YES_ERROR;
				CLANG_WARN_UNREACHABLE_CODE = YES;
				CLANG_WARN__DUPLICATE_METHOD_MATCH = YES;
				"CODE_SIGN_IDENTITY[sdk=iphoneos*]" = "iPhone Developer";
				COPY_PHASE_STRIP = NO;
				DEBUG_INFORMATION_FORMAT = "dwarf-with-dsym";
				ENABLE_STRICT_OBJC_MSGSEND = YES;
				ENABLE_TESTABILITY = YES;
				GCC_C_LANGUAGE_STANDARD = gnu99;
				GCC_DYNAMIC_NO_PIC = NO;
				GCC_NO_COMMON_BLOCKS = YES;
				GCC_OPTIMIZATION_LEVEL = 0;
				GCC_PREPROCESSOR_DEFINITIONS = (
					"DEBUG=1",
					"$(inherited)",
				);
				GCC_WARN_64_TO_32_BIT_CONVERSION = YES;
				GCC_WARN_ABOUT_RETURN_TYPE = YES_ERROR;
				GCC_WARN_UNDECLARED_SELECTOR = YES;
				GCC_WARN_UNINITIALIZED_AUTOS = YES_AGGRESSIVE;
				GCC_WARN_UNUSED_FUNCTION = YES;
				GCC_WARN_UNUSED_VARIABLE = YES;
				IPHONEOS_DEPLOYMENT_TARGET = 9.2;
				MTL_ENABLE_DEBUG_INFO = YES;
				ONLY_ACTIVE_ARCH = YES;
				SDKROOT = iphoneos;
				SWIFT_OPTIMIZATION_LEVEL = "-Onone";
				TARGETED_DEVICE_FAMILY = "1,2";
			};
			name = Debug;
		};
		543D91711C9BF5A600288EDE /* Release */ = {
			isa = XCBuildConfiguration;
			buildSettings = {
				ALWAYS_SEARCH_USER_PATHS = NO;
				CLANG_CXX_LANGUAGE_STANDARD = "gnu++0x";
				CLANG_CXX_LIBRARY = "libc++";
				CLANG_ENABLE_MODULES = YES;
				CLANG_ENABLE_OBJC_ARC = YES;
				CLANG_WARN_BOOL_CONVERSION = YES;
				CLANG_WARN_CONSTANT_CONVERSION = YES;
				CLANG_WARN_DIRECT_OBJC_ISA_USAGE = YES_ERROR;
				CLANG_WARN_EMPTY_BODY = YES;
				CLANG_WARN_ENUM_CONVERSION = YES;
				CLANG_WARN_INT_CONVERSION = YES;
				CLANG_WARN_OBJC_ROOT_CLASS = YES_ERROR;
				CLANG_WARN_UNREACHABLE_CODE = YES;
				CLANG_WARN__DUPLICATE_METHOD_MATCH = YES;
				"CODE_SIGN_IDENTITY[sdk=iphoneos*]" = "iPhone Developer";
				COPY_PHASE_STRIP = NO;
				DEBUG_INFORMATION_FORMAT = "dwarf-with-dsym";
				ENABLE_NS_ASSERTIONS = NO;
				ENABLE_STRICT_OBJC_MSGSEND = YES;
				GCC_C_LANGUAGE_STANDARD = gnu99;
				GCC_NO_COMMON_BLOCKS = YES;
				GCC_WARN_64_TO_32_BIT_CONVERSION = YES;
				GCC_WARN_ABOUT_RETURN_TYPE = YES_ERROR;
				GCC_WARN_UNDECLARED_SELECTOR = YES;
				GCC_WARN_UNINITIALIZED_AUTOS = YES_AGGRESSIVE;
				GCC_WARN_UNUSED_FUNCTION = YES;
				GCC_WARN_UNUSED_VARIABLE = YES;
				IPHONEOS_DEPLOYMENT_TARGET = 9.2;
				MTL_ENABLE_DEBUG_INFO = NO;
				SDKROOT = iphoneos;
				TARGETED_DEVICE_FAMILY = "1,2";
				VALIDATE_PRODUCT = YES;
			};
			name = Release;
		};
		543D91731C9BF5A600288EDE /* Debug */ = {
			isa = XCBuildConfiguration;
			buildSettings = {
				ASSETCATALOG_COMPILER_APPICON_NAME = AppIcon;
				INFOPLIST_FILE = 05_C4/Info.plist;
				LD_RUNPATH_SEARCH_PATHS = "$(inherited) @executable_path/Frameworks";
				PRODUCT_BUNDLE_IDENTIFIER = "com.tumblr.sgnms.-5-C4";
				PRODUCT_NAME = "$(TARGET_NAME)";
			};
			name = Debug;
		};
		543D91741C9BF5A600288EDE /* Release */ = {
			isa = XCBuildConfiguration;
			buildSettings = {
				ASSETCATALOG_COMPILER_APPICON_NAME = AppIcon;
				INFOPLIST_FILE = 05_C4/Info.plist;
				LD_RUNPATH_SEARCH_PATHS = "$(inherited) @executable_path/Frameworks";
				PRODUCT_BUNDLE_IDENTIFIER = "com.tumblr.sgnms.-5-C4";
				PRODUCT_NAME = "$(TARGET_NAME)";
			};
			name = Release;
		};
		543D91761C9BF5A600288EDE /* Debug */ = {
			isa = XCBuildConfiguration;
			buildSettings = {
				BUNDLE_LOADER = "$(TEST_HOST)";
				DEBUG_INFORMATION_FORMAT = dwarf;
				INFOPLIST_FILE = 05_C4Tests/Info.plist;
				LD_RUNPATH_SEARCH_PATHS = "$(inherited) @executable_path/Frameworks @loader_path/Frameworks";
				PRODUCT_BUNDLE_IDENTIFIER = "com.tumblr.sgnms.-5-C4Tests";
				PRODUCT_NAME = "$(TARGET_NAME)";
				TEST_HOST = "$(BUILT_PRODUCTS_DIR)/05_C4.app/05_C4";
			};
			name = Debug;
		};
		543D91771C9BF5A600288EDE /* Release */ = {
			isa = XCBuildConfiguration;
			buildSettings = {
				BUNDLE_LOADER = "$(TEST_HOST)";
				INFOPLIST_FILE = 05_C4Tests/Info.plist;
				LD_RUNPATH_SEARCH_PATHS = "$(inherited) @executable_path/Frameworks @loader_path/Frameworks";
				PRODUCT_BUNDLE_IDENTIFIER = "com.tumblr.sgnms.-5-C4Tests";
				PRODUCT_NAME = "$(TARGET_NAME)";
				TEST_HOST = "$(BUILT_PRODUCTS_DIR)/05_C4.app/05_C4";
			};
			name = Release;
		};
/* End XCBuildConfiguration section */

/* Begin XCConfigurationList section */
		543D90BD1C9BF5A500288EDE /* Build configuration list for PBXProject "05_C4" */ = {
			isa = XCConfigurationList;
			buildConfigurations = (
				543D91701C9BF5A600288EDE /* Debug */,
				543D91711C9BF5A600288EDE /* Release */,
			);
			defaultConfigurationIsVisible = 0;
			defaultConfigurationName = Release;
		};
		543D91721C9BF5A600288EDE /* Build configuration list for PBXNativeTarget "05_C4" */ = {
			isa = XCConfigurationList;
			buildConfigurations = (
				543D91731C9BF5A600288EDE /* Debug */,
				543D91741C9BF5A600288EDE /* Release */,
			);
			defaultConfigurationIsVisible = 0;
		};
		543D91751C9BF5A600288EDE /* Build configuration list for PBXNativeTarget "05_C4Tests" */ = {
			isa = XCConfigurationList;
			buildConfigurations = (
				543D91761C9BF5A600288EDE /* Debug */,
				543D91771C9BF5A600288EDE /* Release */,
			);
			defaultConfigurationIsVisible = 0;
		};
/* End XCConfigurationList section */
	};
	rootObject = 543D90BA1C9BF5A500288EDE /* Project object */;
}
